
Microsoft Visual Studio Solution File, Format Version 12.00
# Visual Studio Version 16
VisualStudioVersion = 16.0.29613.14
MinimumVisualStudioVersion = 10.0.40219.1
Project("{2150E333-8FDC-42A3-9474-1A3956D46DE8}") = "Racer", "Racer", "{71BF4F19-C213-403F-B9B4-D0E8BF51D7A2}"
EndProject
Project("{2150E333-8FDC-42A3-9474-1A3956D46DE8}") = "Server", "Server", "{A2DBAFDF-5A46-45C8-A00C-AAD501A2D435}"
EndProject
Project("{2150E333-8FDC-42A3-9474-1A3956D46DE8}") = "Client", "Client", "{028C6392-425A-4B6A-8B16-0C4E3BE1105C}"
EndProject
Project("{2150E333-8FDC-42A3-9474-1A3956D46DE8}") = "Protos", "Protos", "{609D6CEC-8CAE-4AB4-A121-26286FD83DE4}"
	ProjectSection(SolutionItems) = preProject
		Racer\Protos\race.proto = Racer\Protos\race.proto
	EndProjectSection
EndProject
Project("{9A19103F-16F7-4668-BE54-9A1E7A4F7556}") = "Server", "Racer\Server\Server.csproj", "{2DAA36F7-E259-42B9-A9ED-6FBF54210435}"
EndProject
Project("{9A19103F-16F7-4668-BE54-9A1E7A4F7556}") = "Client", "Racer\Client\Client.csproj", "{58ED0AE3-DFBB-455B-B307-A100325A23EA}"
EndProject
Project("{2150E333-8FDC-42A3-9474-1A3956D46DE8}") = "Ticketer", "Ticketer", "{0281CC0F-857F-4769-AFAF-E5FD06D0193A}"
EndProject
Project("{2150E333-8FDC-42A3-9474-1A3956D46DE8}") = "Server", "Server", "{1A2635D6-34A6-4AA2-97ED-B9C2784354E8}"
EndProject
Project("{2150E333-8FDC-42A3-9474-1A3956D46DE8}") = "Client", "Client", "{C7D3FD18-2011-42E8-85D5-A560B8AD2C8C}"
EndProject
Project("{2150E333-8FDC-42A3-9474-1A3956D46DE8}") = "Protos", "Protos", "{1010D541-4AC8-400F-93F5-167FE832B916}"
	ProjectSection(SolutionItems) = preProject
		Ticketer\Protos\ticket.proto = Ticketer\Protos\ticket.proto
	EndProjectSection
EndProject
Project("{9A19103F-16F7-4668-BE54-9A1E7A4F7556}") = "Server", "Ticketer\Server\Server.csproj", "{4E6EEFCF-3A20-4A31-9B95-38664409FC68}"
EndProject
Project("{9A19103F-16F7-4668-BE54-9A1E7A4F7556}") = "Client", "Ticketer\Client\Client.csproj", "{2465E273-654E-4205-882D-C5FD9E8150B1}"
EndProject
Project("{2150E333-8FDC-42A3-9474-1A3956D46DE8}") = "Greeter", "Greeter", "{DFFD90AF-092F-4B90-BFE0-60E940E6822F}"
EndProject
Project("{2150E333-8FDC-42A3-9474-1A3956D46DE8}") = "Counter", "Counter", "{75D3DC06-1B37-41AC-ACDA-4F77E2B355F8}"
EndProject
Project("{2150E333-8FDC-42A3-9474-1A3956D46DE8}") = "Mailer", "Mailer", "{044D2BD3-5511-45C1-8E7D-11320CF2EFFB}"
EndProject
Project("{2150E333-8FDC-42A3-9474-1A3956D46DE8}") = "Logger", "Logger", "{5EC49508-AF8C-461A-BA29-3C85E14DD0CD}"
EndProject
Project("{2150E333-8FDC-42A3-9474-1A3956D46DE8}") = "Client", "Client", "{F27AEF2B-1FF0-4D38-BED3-FA1E0011A787}"
EndProject
Project("{2150E333-8FDC-42A3-9474-1A3956D46DE8}") = "Server", "Server", "{43A56FAE-5074-4C9F-AF82-A6307CFD8EF2}"
EndProject
Project("{2150E333-8FDC-42A3-9474-1A3956D46DE8}") = "Protos", "Protos", "{2CF57BFD-D0CF-45B7-81AE-ED21646FFA1A}"
	ProjectSection(SolutionItems) = preProject
		Greeter\Protos\greet.proto = Greeter\Protos\greet.proto
	EndProjectSection
EndProject
Project("{2150E333-8FDC-42A3-9474-1A3956D46DE8}") = "Solution Items", "Solution Items", "{AA7E011C-CB49-4EE6-B4C0-CFBF0286DB19}"
	ProjectSection(SolutionItems) = preProject
		.editorconfig = .editorconfig
	EndProjectSection
EndProject
Project("{2150E333-8FDC-42A3-9474-1A3956D46DE8}") = "Client", "Client", "{B697C0C8-CE89-41D8-A942-534A1C1A75DD}"
EndProject
Project("{2150E333-8FDC-42A3-9474-1A3956D46DE8}") = "Server", "Server", "{B970C4C8-B065-4A9E-A86E-EFE093F79B96}"
EndProject
Project("{2150E333-8FDC-42A3-9474-1A3956D46DE8}") = "Protos", "Protos", "{E9030471-6895-47C1-83CF-DC6B771BFA79}"
	ProjectSection(SolutionItems) = preProject
		Counter\Protos\count.proto = Counter\Protos\count.proto
		Counter\Protos\greet.proto = Counter\Protos\greet.proto
	EndProjectSection
EndProject
Project("{2150E333-8FDC-42A3-9474-1A3956D46DE8}") = "Client", "Client", "{6251DE5A-73B2-43ED-AD6D-A4C5D3128E8D}"
EndProject
Project("{2150E333-8FDC-42A3-9474-1A3956D46DE8}") = "Server", "Server", "{1611CA8A-3CBA-4FB0-8E8C-93A47F007154}"
EndProject
Project("{2150E333-8FDC-42A3-9474-1A3956D46DE8}") = "Protos", "Protos", "{428C8FB9-463F-4842-A7A4-906BF41B89C6}"
	ProjectSection(SolutionItems) = preProject
		Logger\Protos\mail.proto = Logger\Protos\mail.proto
	EndProjectSection
EndProject
Project("{2150E333-8FDC-42A3-9474-1A3956D46DE8}") = "Client", "Client", "{9EB8E667-DC33-4F8C-AD22-C2ECA3FBFF08}"
EndProject
Project("{2150E333-8FDC-42A3-9474-1A3956D46DE8}") = "Protos", "Protos", "{B6E291FD-F7CA-4D3B-9CB3-0185591EDB1F}"
	ProjectSection(SolutionItems) = preProject
		Mailer\Protos\mail.proto = Mailer\Protos\mail.proto
	EndProjectSection
EndProject
Project("{2150E333-8FDC-42A3-9474-1A3956D46DE8}") = "Server", "Server", "{912FB2B2-64E7-4C81-BD1F-A327F7481EA0}"
EndProject
Project("{9A19103F-16F7-4668-BE54-9A1E7A4F7556}") = "Client", "Counter\Client\Client.csproj", "{616110F7-41EF-48CA-BA45-DB45C56D468A}"
EndProject
Project("{9A19103F-16F7-4668-BE54-9A1E7A4F7556}") = "Server", "Counter\Server\Server.csproj", "{0986242D-3338-495A-95C9-96E7B70B5F07}"
EndProject
Project("{9A19103F-16F7-4668-BE54-9A1E7A4F7556}") = "Client", "Greeter\Client\Client.csproj", "{4E2BA025-FFFB-4C58-9850-AF542404F579}"
EndProject
Project("{9A19103F-16F7-4668-BE54-9A1E7A4F7556}") = "Server", "Greeter\Server\Server.csproj", "{728ED887-8FC0-4089-97C7-88EAFF7790F6}"
EndProject
Project("{9A19103F-16F7-4668-BE54-9A1E7A4F7556}") = "Client", "Logger\Client\Client.csproj", "{097F1B56-D73D-478C-AF77-D0F4B630E740}"
EndProject
Project("{9A19103F-16F7-4668-BE54-9A1E7A4F7556}") = "Server", "Logger\Server\Server.csproj", "{43A85D25-9875-4208-AA0D-28C1CF45756C}"
EndProject
Project("{9A19103F-16F7-4668-BE54-9A1E7A4F7556}") = "Client", "Mailer\Client\Client.csproj", "{12B63F08-1FE8-4E41-8386-B79F8BDA5A77}"
EndProject
Project("{9A19103F-16F7-4668-BE54-9A1E7A4F7556}") = "Server", "Mailer\Server\Server.csproj", "{937FF332-07ED-4482-9D6F-8B2486124F1A}"
EndProject
Project("{2150E333-8FDC-42A3-9474-1A3956D46DE8}") = "Reflector", "Reflector", "{2874F100-2A63-4F15-AE75-E499F2B2430B}"
EndProject
Project("{2150E333-8FDC-42A3-9474-1A3956D46DE8}") = "Client", "Client", "{B6F833B5-427D-43E0-8585-A156A41F0237}"
EndProject
Project("{2150E333-8FDC-42A3-9474-1A3956D46DE8}") = "Server", "Server", "{DAA76744-599D-4913-AA8F-541A17C5CCB5}"
EndProject
Project("{2150E333-8FDC-42A3-9474-1A3956D46DE8}") = "Protos", "Protos", "{75F30D51-2F09-4952-B9F0-425DAE51DA2D}"
	ProjectSection(SolutionItems) = preProject
		Reflector\Protos\greet.proto = Reflector\Protos\greet.proto
	EndProjectSection
EndProject
Project("{9A19103F-16F7-4668-BE54-9A1E7A4F7556}") = "Client", "Reflector\Client\Client.csproj", "{01BEF900-1F60-4FEA-A1E0-8AC0EA550312}"
EndProject
Project("{9A19103F-16F7-4668-BE54-9A1E7A4F7556}") = "Server", "Reflector\Server\Server.csproj", "{C3559EA3-8DC5-4F36-8428-F4888535A9A0}"
EndProject
Project("{2150E333-8FDC-42A3-9474-1A3956D46DE8}") = "Certifier", "Certifier", "{7E603CB4-3BA4-45F6-AAD0-27CB924A467B}"
EndProject
Project("{2150E333-8FDC-42A3-9474-1A3956D46DE8}") = "Client", "Client", "{09E530CF-B89E-4E63-8526-BD62B2C5389F}"
EndProject
Project("{2150E333-8FDC-42A3-9474-1A3956D46DE8}") = "Server", "Server", "{DCAA2BAD-9708-46E4-BD5C-47678C7BD1A1}"
EndProject
Project("{2150E333-8FDC-42A3-9474-1A3956D46DE8}") = "Protos", "Protos", "{9BFE4B60-B550-42E1-A027-FD60CE2AED1F}"
	ProjectSection(SolutionItems) = preProject
		Certifier\Protos\certify.proto = Certifier\Protos\certify.proto
	EndProjectSection
EndProject
Project("{9A19103F-16F7-4668-BE54-9A1E7A4F7556}") = "Client", "Certifier\Client\Client.csproj", "{7ADE8790-DF0C-4249-B485-6D161B2EC990}"
EndProject
Project("{9A19103F-16F7-4668-BE54-9A1E7A4F7556}") = "Server", "Certifier\Server\Server.csproj", "{6151FF65-07C4-4D9D-8717-2CC93808A1F2}"
EndProject
Project("{2150E333-8FDC-42A3-9474-1A3956D46DE8}") = "Worker", "Worker", "{F0C0533D-55F5-4A87-B11F-DEA830FC5490}"
EndProject
Project("{2150E333-8FDC-42A3-9474-1A3956D46DE8}") = "Client", "Client", "{8B3ABBA7-B2F5-4A74-9985-AEF680CFE521}"
EndProject
Project("{2150E333-8FDC-42A3-9474-1A3956D46DE8}") = "Server", "Server", "{2015C571-719E-4436-8BB2-B294E9504EC7}"
EndProject
Project("{2150E333-8FDC-42A3-9474-1A3956D46DE8}") = "Protos", "Protos", "{A65A32A0-D984-4527-A688-702BF9618770}"
	ProjectSection(SolutionItems) = preProject
		Worker\Protos\count.proto = Worker\Protos\count.proto
	EndProjectSection
EndProject
Project("{9A19103F-16F7-4668-BE54-9A1E7A4F7556}") = "Client", "Worker\Client\Client.csproj", "{F7369F62-EFEA-4377-AAB9-0EAD153B5620}"
EndProject
Project("{9A19103F-16F7-4668-BE54-9A1E7A4F7556}") = "Server", "Worker\Server\Server.csproj", "{E3CB5E75-ED69-48C5-9A9C-A87646988C57}"
EndProject
Project("{2150E333-8FDC-42A3-9474-1A3956D46DE8}") = "Aggregator", "Aggregator", "{2CD84047-5C01-4233-A4FA-C27E88302927}"
EndProject
Project("{2150E333-8FDC-42A3-9474-1A3956D46DE8}") = "Client", "Client", "{3479D366-6598-4D95-B368-9A415823EEC8}"
EndProject
Project("{2150E333-8FDC-42A3-9474-1A3956D46DE8}") = "Server", "Server", "{65E27419-B7B1-4A5B-A0EC-5849AE4844E1}"
EndProject
Project("{2150E333-8FDC-42A3-9474-1A3956D46DE8}") = "Protos", "Protos", "{AC33AE30-7683-40C1-B904-5F96974B5CA5}"
	ProjectSection(SolutionItems) = preProject
		Aggregator\Protos\aggregate.proto = Aggregator\Protos\aggregate.proto
		Aggregator\Protos\count.proto = Aggregator\Protos\count.proto
		Aggregator\Protos\greet.proto = Aggregator\Protos\greet.proto
	EndProjectSection
EndProject
Project("{9A19103F-16F7-4668-BE54-9A1E7A4F7556}") = "Client", "Aggregator\Client\Client.csproj", "{062BB5EA-28AB-490A-B523-EACFD6FC2623}"
EndProject
Project("{9A19103F-16F7-4668-BE54-9A1E7A4F7556}") = "Server", "Aggregator\Server\Server.csproj", "{91E44C64-F34E-4CF8-9F38-BF7CD79CE828}"
EndProject
Project("{2150E333-8FDC-42A3-9474-1A3956D46DE8}") = "Tester", "Tester", "{530156A8-56B4-4B26-BED4-74CF6A7470DD}"
EndProject
Project("{2150E333-8FDC-42A3-9474-1A3956D46DE8}") = "Server", "Server", "{EAE9BC2F-5CE1-41AD-9DAC-AA61D4620338}"
EndProject
Project("{2150E333-8FDC-42A3-9474-1A3956D46DE8}") = "Protos", "Protos", "{D18CCFB9-3AC4-4C75-ADC5-CD97077B78A5}"
	ProjectSection(SolutionItems) = preProject
		Tester\Protos\test.proto = Tester\Protos\test.proto
	EndProjectSection
EndProject
Project("{9A19103F-16F7-4668-BE54-9A1E7A4F7556}") = "Server", "Tester\Server\Server.csproj", "{F3C833BA-0ECB-4495-A015-2956F0BDF09A}"
EndProject
Project("{FAE04EC0-301F-11D3-BF4B-00C04F79EFBC}") = "Tests", "Tester\Tests\Tests.csproj", "{0EC68646-043B-470E-B654-54889074F16A}"
EndProject
Global
	GlobalSection(SolutionConfigurationPlatforms) = preSolution
		Debug|Any CPU = Debug|Any CPU
		Release|Any CPU = Release|Any CPU
		Description = examples
	EndGlobalSection
	GlobalSection(ProjectConfigurationPlatforms) = postSolution
		{2DAA36F7-E259-42B9-A9ED-6FBF54210435}.Debug|Any CPU.ActiveCfg = Debug|Any CPU
		{2DAA36F7-E259-42B9-A9ED-6FBF54210435}.Debug|Any CPU.Build.0 = Debug|Any CPU
		{2DAA36F7-E259-42B9-A9ED-6FBF54210435}.Release|Any CPU.ActiveCfg = Release|Any CPU
		{2DAA36F7-E259-42B9-A9ED-6FBF54210435}.Release|Any CPU.Build.0 = Release|Any CPU
		{58ED0AE3-DFBB-455B-B307-A100325A23EA}.Debug|Any CPU.ActiveCfg = Debug|Any CPU
		{58ED0AE3-DFBB-455B-B307-A100325A23EA}.Debug|Any CPU.Build.0 = Debug|Any CPU
		{58ED0AE3-DFBB-455B-B307-A100325A23EA}.Release|Any CPU.ActiveCfg = Release|Any CPU
		{58ED0AE3-DFBB-455B-B307-A100325A23EA}.Release|Any CPU.Build.0 = Release|Any CPU
		{4E6EEFCF-3A20-4A31-9B95-38664409FC68}.Debug|Any CPU.ActiveCfg = Debug|Any CPU
		{4E6EEFCF-3A20-4A31-9B95-38664409FC68}.Debug|Any CPU.Build.0 = Debug|Any CPU
		{4E6EEFCF-3A20-4A31-9B95-38664409FC68}.Release|Any CPU.ActiveCfg = Release|Any CPU
		{4E6EEFCF-3A20-4A31-9B95-38664409FC68}.Release|Any CPU.Build.0 = Release|Any CPU
		{2465E273-654E-4205-882D-C5FD9E8150B1}.Debug|Any CPU.ActiveCfg = Debug|Any CPU
		{2465E273-654E-4205-882D-C5FD9E8150B1}.Debug|Any CPU.Build.0 = Debug|Any CPU
		{2465E273-654E-4205-882D-C5FD9E8150B1}.Release|Any CPU.ActiveCfg = Release|Any CPU
		{2465E273-654E-4205-882D-C5FD9E8150B1}.Release|Any CPU.Build.0 = Release|Any CPU
		{616110F7-41EF-48CA-BA45-DB45C56D468A}.Debug|Any CPU.ActiveCfg = Debug|Any CPU
		{616110F7-41EF-48CA-BA45-DB45C56D468A}.Debug|Any CPU.Build.0 = Debug|Any CPU
		{616110F7-41EF-48CA-BA45-DB45C56D468A}.Release|Any CPU.ActiveCfg = Release|Any CPU
		{616110F7-41EF-48CA-BA45-DB45C56D468A}.Release|Any CPU.Build.0 = Release|Any CPU
		{0986242D-3338-495A-95C9-96E7B70B5F07}.Debug|Any CPU.ActiveCfg = Debug|Any CPU
		{0986242D-3338-495A-95C9-96E7B70B5F07}.Debug|Any CPU.Build.0 = Debug|Any CPU
		{0986242D-3338-495A-95C9-96E7B70B5F07}.Release|Any CPU.ActiveCfg = Release|Any CPU
		{0986242D-3338-495A-95C9-96E7B70B5F07}.Release|Any CPU.Build.0 = Release|Any CPU
		{4E2BA025-FFFB-4C58-9850-AF542404F579}.Debug|Any CPU.ActiveCfg = Debug|Any CPU
		{4E2BA025-FFFB-4C58-9850-AF542404F579}.Debug|Any CPU.Build.0 = Debug|Any CPU
		{4E2BA025-FFFB-4C58-9850-AF542404F579}.Release|Any CPU.ActiveCfg = Release|Any CPU
		{4E2BA025-FFFB-4C58-9850-AF542404F579}.Release|Any CPU.Build.0 = Release|Any CPU
		{728ED887-8FC0-4089-97C7-88EAFF7790F6}.Debug|Any CPU.ActiveCfg = Debug|Any CPU
		{728ED887-8FC0-4089-97C7-88EAFF7790F6}.Debug|Any CPU.Build.0 = Debug|Any CPU
		{728ED887-8FC0-4089-97C7-88EAFF7790F6}.Release|Any CPU.ActiveCfg = Release|Any CPU
		{728ED887-8FC0-4089-97C7-88EAFF7790F6}.Release|Any CPU.Build.0 = Release|Any CPU
		{097F1B56-D73D-478C-AF77-D0F4B630E740}.Debug|Any CPU.ActiveCfg = Debug|Any CPU
		{097F1B56-D73D-478C-AF77-D0F4B630E740}.Debug|Any CPU.Build.0 = Debug|Any CPU
		{097F1B56-D73D-478C-AF77-D0F4B630E740}.Release|Any CPU.ActiveCfg = Release|Any CPU
		{097F1B56-D73D-478C-AF77-D0F4B630E740}.Release|Any CPU.Build.0 = Release|Any CPU
		{43A85D25-9875-4208-AA0D-28C1CF45756C}.Debug|Any CPU.ActiveCfg = Debug|Any CPU
		{43A85D25-9875-4208-AA0D-28C1CF45756C}.Debug|Any CPU.Build.0 = Debug|Any CPU
		{43A85D25-9875-4208-AA0D-28C1CF45756C}.Release|Any CPU.ActiveCfg = Release|Any CPU
		{43A85D25-9875-4208-AA0D-28C1CF45756C}.Release|Any CPU.Build.0 = Release|Any CPU
		{12B63F08-1FE8-4E41-8386-B79F8BDA5A77}.Debug|Any CPU.ActiveCfg = Debug|Any CPU
		{12B63F08-1FE8-4E41-8386-B79F8BDA5A77}.Debug|Any CPU.Build.0 = Debug|Any CPU
		{12B63F08-1FE8-4E41-8386-B79F8BDA5A77}.Release|Any CPU.ActiveCfg = Release|Any CPU
		{12B63F08-1FE8-4E41-8386-B79F8BDA5A77}.Release|Any CPU.Build.0 = Release|Any CPU
		{937FF332-07ED-4482-9D6F-8B2486124F1A}.Debug|Any CPU.ActiveCfg = Debug|Any CPU
		{937FF332-07ED-4482-9D6F-8B2486124F1A}.Debug|Any CPU.Build.0 = Debug|Any CPU
		{937FF332-07ED-4482-9D6F-8B2486124F1A}.Release|Any CPU.ActiveCfg = Release|Any CPU
		{937FF332-07ED-4482-9D6F-8B2486124F1A}.Release|Any CPU.Build.0 = Release|Any CPU
		{01BEF900-1F60-4FEA-A1E0-8AC0EA550312}.Debug|Any CPU.ActiveCfg = Debug|Any CPU
		{01BEF900-1F60-4FEA-A1E0-8AC0EA550312}.Debug|Any CPU.Build.0 = Debug|Any CPU
		{01BEF900-1F60-4FEA-A1E0-8AC0EA550312}.Release|Any CPU.ActiveCfg = Release|Any CPU
		{01BEF900-1F60-4FEA-A1E0-8AC0EA550312}.Release|Any CPU.Build.0 = Release|Any CPU
		{C3559EA3-8DC5-4F36-8428-F4888535A9A0}.Debug|Any CPU.ActiveCfg = Debug|Any CPU
		{C3559EA3-8DC5-4F36-8428-F4888535A9A0}.Debug|Any CPU.Build.0 = Debug|Any CPU
		{C3559EA3-8DC5-4F36-8428-F4888535A9A0}.Release|Any CPU.ActiveCfg = Release|Any CPU
		{C3559EA3-8DC5-4F36-8428-F4888535A9A0}.Release|Any CPU.Build.0 = Release|Any CPU
		{7ADE8790-DF0C-4249-B485-6D161B2EC990}.Debug|Any CPU.ActiveCfg = Debug|Any CPU
		{7ADE8790-DF0C-4249-B485-6D161B2EC990}.Debug|Any CPU.Build.0 = Debug|Any CPU
		{7ADE8790-DF0C-4249-B485-6D161B2EC990}.Release|Any CPU.ActiveCfg = Release|Any CPU
		{7ADE8790-DF0C-4249-B485-6D161B2EC990}.Release|Any CPU.Build.0 = Release|Any CPU
		{6151FF65-07C4-4D9D-8717-2CC93808A1F2}.Debug|Any CPU.ActiveCfg = Debug|Any CPU
		{6151FF65-07C4-4D9D-8717-2CC93808A1F2}.Debug|Any CPU.Build.0 = Debug|Any CPU
		{6151FF65-07C4-4D9D-8717-2CC93808A1F2}.Release|Any CPU.ActiveCfg = Release|Any CPU
		{6151FF65-07C4-4D9D-8717-2CC93808A1F2}.Release|Any CPU.Build.0 = Release|Any CPU
		{F7369F62-EFEA-4377-AAB9-0EAD153B5620}.Debug|Any CPU.ActiveCfg = Debug|Any CPU
		{F7369F62-EFEA-4377-AAB9-0EAD153B5620}.Debug|Any CPU.Build.0 = Debug|Any CPU
		{F7369F62-EFEA-4377-AAB9-0EAD153B5620}.Release|Any CPU.ActiveCfg = Release|Any CPU
		{F7369F62-EFEA-4377-AAB9-0EAD153B5620}.Release|Any CPU.Build.0 = Release|Any CPU
		{E3CB5E75-ED69-48C5-9A9C-A87646988C57}.Debug|Any CPU.ActiveCfg = Debug|Any CPU
		{E3CB5E75-ED69-48C5-9A9C-A87646988C57}.Debug|Any CPU.Build.0 = Debug|Any CPU
		{E3CB5E75-ED69-48C5-9A9C-A87646988C57}.Release|Any CPU.ActiveCfg = Release|Any CPU
		{E3CB5E75-ED69-48C5-9A9C-A87646988C57}.Release|Any CPU.Build.0 = Release|Any CPU
		{062BB5EA-28AB-490A-B523-EACFD6FC2623}.Debug|Any CPU.ActiveCfg = Debug|Any CPU
		{062BB5EA-28AB-490A-B523-EACFD6FC2623}.Debug|Any CPU.Build.0 = Debug|Any CPU
		{062BB5EA-28AB-490A-B523-EACFD6FC2623}.Release|Any CPU.ActiveCfg = Release|Any CPU
		{062BB5EA-28AB-490A-B523-EACFD6FC2623}.Release|Any CPU.Build.0 = Release|Any CPU
		{91E44C64-F34E-4CF8-9F38-BF7CD79CE828}.Debug|Any CPU.ActiveCfg = Debug|Any CPU
		{91E44C64-F34E-4CF8-9F38-BF7CD79CE828}.Debug|Any CPU.Build.0 = Debug|Any CPU
		{91E44C64-F34E-4CF8-9F38-BF7CD79CE828}.Release|Any CPU.ActiveCfg = Release|Any CPU
		{91E44C64-F34E-4CF8-9F38-BF7CD79CE828}.Release|Any CPU.Build.0 = Release|Any CPU
		{F3C833BA-0ECB-4495-A015-2956F0BDF09A}.Debug|Any CPU.ActiveCfg = Debug|Any CPU
		{F3C833BA-0ECB-4495-A015-2956F0BDF09A}.Debug|Any CPU.Build.0 = Debug|Any CPU
		{F3C833BA-0ECB-4495-A015-2956F0BDF09A}.Release|Any CPU.ActiveCfg = Release|Any CPU
		{F3C833BA-0ECB-4495-A015-2956F0BDF09A}.Release|Any CPU.Build.0 = Release|Any CPU
		{0EC68646-043B-470E-B654-54889074F16A}.Debug|Any CPU.ActiveCfg = Debug|Any CPU
		{0EC68646-043B-470E-B654-54889074F16A}.Debug|Any CPU.Build.0 = Debug|Any CPU
		{0EC68646-043B-470E-B654-54889074F16A}.Release|Any CPU.ActiveCfg = Release|Any CPU
		{0EC68646-043B-470E-B654-54889074F16A}.Release|Any CPU.Build.0 = Release|Any CPU
	EndGlobalSection
	GlobalSection(SolutionProperties) = preSolution
		HideSolutionNode = FALSE
	EndGlobalSection
	GlobalSection(NestedProjects) = preSolution
		{A2DBAFDF-5A46-45C8-A00C-AAD501A2D435} = {71BF4F19-C213-403F-B9B4-D0E8BF51D7A2}
		{028C6392-425A-4B6A-8B16-0C4E3BE1105C} = {71BF4F19-C213-403F-B9B4-D0E8BF51D7A2}
		{609D6CEC-8CAE-4AB4-A121-26286FD83DE4} = {71BF4F19-C213-403F-B9B4-D0E8BF51D7A2}
		{2DAA36F7-E259-42B9-A9ED-6FBF54210435} = {A2DBAFDF-5A46-45C8-A00C-AAD501A2D435}
		{58ED0AE3-DFBB-455B-B307-A100325A23EA} = {028C6392-425A-4B6A-8B16-0C4E3BE1105C}
		{1A2635D6-34A6-4AA2-97ED-B9C2784354E8} = {0281CC0F-857F-4769-AFAF-E5FD06D0193A}
		{C7D3FD18-2011-42E8-85D5-A560B8AD2C8C} = {0281CC0F-857F-4769-AFAF-E5FD06D0193A}
		{1010D541-4AC8-400F-93F5-167FE832B916} = {0281CC0F-857F-4769-AFAF-E5FD06D0193A}
		{4E6EEFCF-3A20-4A31-9B95-38664409FC68} = {1A2635D6-34A6-4AA2-97ED-B9C2784354E8}
		{2465E273-654E-4205-882D-C5FD9E8150B1} = {C7D3FD18-2011-42E8-85D5-A560B8AD2C8C}
		{F27AEF2B-1FF0-4D38-BED3-FA1E0011A787} = {DFFD90AF-092F-4B90-BFE0-60E940E6822F}
		{43A56FAE-5074-4C9F-AF82-A6307CFD8EF2} = {DFFD90AF-092F-4B90-BFE0-60E940E6822F}
		{2CF57BFD-D0CF-45B7-81AE-ED21646FFA1A} = {DFFD90AF-092F-4B90-BFE0-60E940E6822F}
		{B697C0C8-CE89-41D8-A942-534A1C1A75DD} = {75D3DC06-1B37-41AC-ACDA-4F77E2B355F8}
		{B970C4C8-B065-4A9E-A86E-EFE093F79B96} = {75D3DC06-1B37-41AC-ACDA-4F77E2B355F8}
		{E9030471-6895-47C1-83CF-DC6B771BFA79} = {75D3DC06-1B37-41AC-ACDA-4F77E2B355F8}
		{6251DE5A-73B2-43ED-AD6D-A4C5D3128E8D} = {5EC49508-AF8C-461A-BA29-3C85E14DD0CD}
		{1611CA8A-3CBA-4FB0-8E8C-93A47F007154} = {5EC49508-AF8C-461A-BA29-3C85E14DD0CD}
		{428C8FB9-463F-4842-A7A4-906BF41B89C6} = {5EC49508-AF8C-461A-BA29-3C85E14DD0CD}
		{9EB8E667-DC33-4F8C-AD22-C2ECA3FBFF08} = {044D2BD3-5511-45C1-8E7D-11320CF2EFFB}
		{B6E291FD-F7CA-4D3B-9CB3-0185591EDB1F} = {044D2BD3-5511-45C1-8E7D-11320CF2EFFB}
		{912FB2B2-64E7-4C81-BD1F-A327F7481EA0} = {044D2BD3-5511-45C1-8E7D-11320CF2EFFB}
		{616110F7-41EF-48CA-BA45-DB45C56D468A} = {B697C0C8-CE89-41D8-A942-534A1C1A75DD}
		{0986242D-3338-495A-95C9-96E7B70B5F07} = {B970C4C8-B065-4A9E-A86E-EFE093F79B96}
		{4E2BA025-FFFB-4C58-9850-AF542404F579} = {F27AEF2B-1FF0-4D38-BED3-FA1E0011A787}
		{728ED887-8FC0-4089-97C7-88EAFF7790F6} = {43A56FAE-5074-4C9F-AF82-A6307CFD8EF2}
		{097F1B56-D73D-478C-AF77-D0F4B630E740} = {6251DE5A-73B2-43ED-AD6D-A4C5D3128E8D}
		{43A85D25-9875-4208-AA0D-28C1CF45756C} = {1611CA8A-3CBA-4FB0-8E8C-93A47F007154}
		{12B63F08-1FE8-4E41-8386-B79F8BDA5A77} = {9EB8E667-DC33-4F8C-AD22-C2ECA3FBFF08}
		{937FF332-07ED-4482-9D6F-8B2486124F1A} = {912FB2B2-64E7-4C81-BD1F-A327F7481EA0}
		{B6F833B5-427D-43E0-8585-A156A41F0237} = {2874F100-2A63-4F15-AE75-E499F2B2430B}
		{DAA76744-599D-4913-AA8F-541A17C5CCB5} = {2874F100-2A63-4F15-AE75-E499F2B2430B}
		{75F30D51-2F09-4952-B9F0-425DAE51DA2D} = {2874F100-2A63-4F15-AE75-E499F2B2430B}
		{01BEF900-1F60-4FEA-A1E0-8AC0EA550312} = {B6F833B5-427D-43E0-8585-A156A41F0237}
		{C3559EA3-8DC5-4F36-8428-F4888535A9A0} = {DAA76744-599D-4913-AA8F-541A17C5CCB5}
		{09E530CF-B89E-4E63-8526-BD62B2C5389F} = {7E603CB4-3BA4-45F6-AAD0-27CB924A467B}
		{DCAA2BAD-9708-46E4-BD5C-47678C7BD1A1} = {7E603CB4-3BA4-45F6-AAD0-27CB924A467B}
		{9BFE4B60-B550-42E1-A027-FD60CE2AED1F} = {7E603CB4-3BA4-45F6-AAD0-27CB924A467B}
		{7ADE8790-DF0C-4249-B485-6D161B2EC990} = {09E530CF-B89E-4E63-8526-BD62B2C5389F}
		{6151FF65-07C4-4D9D-8717-2CC93808A1F2} = {DCAA2BAD-9708-46E4-BD5C-47678C7BD1A1}
		{8B3ABBA7-B2F5-4A74-9985-AEF680CFE521} = {F0C0533D-55F5-4A87-B11F-DEA830FC5490}
		{2015C571-719E-4436-8BB2-B294E9504EC7} = {F0C0533D-55F5-4A87-B11F-DEA830FC5490}
		{A65A32A0-D984-4527-A688-702BF9618770} = {F0C0533D-55F5-4A87-B11F-DEA830FC5490}
		{F7369F62-EFEA-4377-AAB9-0EAD153B5620} = {8B3ABBA7-B2F5-4A74-9985-AEF680CFE521}
		{E3CB5E75-ED69-48C5-9A9C-A87646988C57} = {2015C571-719E-4436-8BB2-B294E9504EC7}
		{3479D366-6598-4D95-B368-9A415823EEC8} = {2CD84047-5C01-4233-A4FA-C27E88302927}
		{65E27419-B7B1-4A5B-A0EC-5849AE4844E1} = {2CD84047-5C01-4233-A4FA-C27E88302927}
		{AC33AE30-7683-40C1-B904-5F96974B5CA5} = {2CD84047-5C01-4233-A4FA-C27E88302927}
		{062BB5EA-28AB-490A-B523-EACFD6FC2623} = {3479D366-6598-4D95-B368-9A415823EEC8}
		{91E44C64-F34E-4CF8-9F38-BF7CD79CE828} = {65E27419-B7B1-4A5B-A0EC-5849AE4844E1}
		{EAE9BC2F-5CE1-41AD-9DAC-AA61D4620338} = {530156A8-56B4-4B26-BED4-74CF6A7470DD}
		{D18CCFB9-3AC4-4C75-ADC5-CD97077B78A5} = {530156A8-56B4-4B26-BED4-74CF6A7470DD}
		{F3C833BA-0ECB-4495-A015-2956F0BDF09A} = {EAE9BC2F-5CE1-41AD-9DAC-AA61D4620338}
		{0EC68646-043B-470E-B654-54889074F16A} = {530156A8-56B4-4B26-BED4-74CF6A7470DD}
	EndGlobalSection
	GlobalSection(ExtensibilityGlobals) = postSolution
		SolutionGuid = {4D1362B2-C5FA-4855-AC97-0CAD77078493}
	EndGlobalSection
EndGlobal
